{
  "name": "1sa",
  "version": "1.0.0",
  "lockfileVersion": 2,
  "requires": true,
  "packages": {
    "": {
      "name": "1sa",
      "version": "1.0.0",
      "license": "MIT",
      "dependencies": {
        "1sa": "^1.0.0"
      }
    },
    "node_modules/1sa": {
      "version": "1.0.0",
      "resolved": "https://registry.npmjs.org/1sa/-/1sa-1.0.0.tgz",
      "integrity": "sha512-/jUWZu8QCzCDpvweIyLtZmcElpQNvAlLOR7JvlXfYPrieuLuiDFswP1FV/uTiS3CNuomcViIDOTP2i5pFqin+Q=="
    }
  },
  "dependencies": {
    "1sa": {
      "version": "1.0.0",
      "resolved": "https://registry.npmjs.org/1sa/-/1sa-1.0.0.tgz",
      "integrity": "sha512-/jUWZu8QCzCDpvweIyLtZmcElpQNvAlLOR7JvlXfYPrieuLuiDFswP1FV/uTiS3CNuomcViIDOTP2i5pFqin+Q=="
    }
  }
}
